
Microsoft Visual Studio Solution File, Format Version 12.00
# Visual Studio Version 16
VisualStudioVersion = 16.0.32929.386
MinimumVisualStudioVersion = 10.0.40219.1
Project("{FAE04EC0-301F-11D3-BF4B-00C04F79EFBC}") = "Dynage", "Dynage.csproj", "{66345A11-E59F-4AAD-93CC-B94138FFFA5F}"
EndProject
Global
	GlobalSection(SolutionConfigurationPlatforms) = preSolution
		Debug|Any CPU = Debug|Any CPU
		Release|Any CPU = Release|Any CPU
	EndGlobalSection
	GlobalSection(ProjectConfigurationPlatforms) = postSolution
		{66345A11-E59F-4AAD-93CC-B94138FFFA5F}.Debug|Any CPU.ActiveCfg = Debug|Any CPU
		{66345A11-E59F-4AAD-93CC-B94138FFFA5F}.Debug|Any CPU.Build.0 = Debug|Any CPU
		{66345A11-E59F-4AAD-93CC-B94138FFFA5F}.Release|Any CPU.ActiveCfg = Release|Any CPU
		{66345A11-E59F-4AAD-93CC-B94138FFFA5F}.Release|Any CPU.Build.0 = Release|Any CPU
	EndGlobalSection
	GlobalSection(SolutionProperties) = preSolution
		HideSolutionNode = FALSE
	EndGlobalSection
	GlobalSection(ExtensibilityGlobals) = postSolution
		SolutionGuid = {AEC6E8C2-E8F3-4AAA-95C1-EEF8D08937A6}
	EndGlobalSection
EndGlobal
